github.com/joho/godotenv v1.5.1 h1:7eLL/+HRGLY0ldzfGMeQkb7vMd0as4CfYvUVzLqw0N0=
github.com/joho/godotenv v1.5.1/go.mod h1:f4LDr5Voq0i2e/R5DDNOoa2zzDfwtkZa6DnEwAbqwq4=
github.com/sausheong/openai v0.0.0-20230302124131-2575a75c90b9 h1:9oRb2lDO0y8Vvf9u7m+8X+SiInxIc9nuTRv0Ovzcfu0=
github.com/sausheong/openai v0.0.0-20230302124131-2575a75c90b9/go.mod h1:t2uRvgCKEBFeSBIyFlnxjs6uNO/MvH0SBIdmPY2SfwA=
